
Microsoft Visual Studio Solution File, Format Version 12.00
# Visual Studio Express 2013 for Windows Desktop
VisualStudioVersion = 12.0.31101.0
MinimumVisualStudioVersion = 10.0.40219.1
Project("{FAE04EC0-301F-11D3-BF4B-00C04F79EFBC}") = "DungeonCrawler", "DungeonCrawler\DungeonCrawler.csproj", "{8C58F169-971C-45FC-BF89-02A41F59F064}"
EndProject
Global
	GlobalSection(SolutionConfigurationPlatforms) = preSolution
		Debug|x86 = Debug|x86
		Release|x86 = Release|x86
		test|x86 = test|x86
	EndGlobalSection
	GlobalSection(ProjectConfigurationPlatforms) = postSolution
		{8C58F169-971C-45FC-BF89-02A41F59F064}.Debug|x86.ActiveCfg = Release|x86
		{8C58F169-971C-45FC-BF89-02A41F59F064}.Debug|x86.Build.0 = Release|x86
		{8C58F169-971C-45FC-BF89-02A41F59F064}.Release|x86.ActiveCfg = Release|x86
		{8C58F169-971C-45FC-BF89-02A41F59F064}.Release|x86.Build.0 = Release|x86
		{8C58F169-971C-45FC-BF89-02A41F59F064}.test|x86.ActiveCfg = test|x64
		{8C58F169-971C-45FC-BF89-02A41F59F064}.test|x86.Build.0 = test|x64
	EndGlobalSection
	GlobalSection(SolutionProperties) = preSolution
		HideSolutionNode = FALSE
	EndGlobalSection
EndGlobal
